
Microsoft Visual Studio Solution File, Format Version 12.00
# Visual Studio Version 17
VisualStudioVersion = 17.7.33913.275
MinimumVisualStudioVersion = 10.0.40219.1
Project("{FAE04EC0-301F-11D3-BF4B-00C04F79EFBC}") = "Api.Web", "Api.Web.csproj", "{C5D10C3D-682C-4258-8AC7-9E915C6BA315}"
EndProject
Project("{FAE04EC0-301F-11D3-BF4B-00C04F79EFBC}") = "Application", "..\Application\Application.csproj", "{5636FCC9-50DA-4FAC-B758-DC237A2F5F0F}"
EndProject
Global
	GlobalSection(SolutionConfigurationPlatforms) = preSolution
		Debug|Any CPU = Debug|Any CPU
		Release|Any CPU = Release|Any CPU
	EndGlobalSection
	GlobalSection(ProjectConfigurationPlatforms) = postSolution
		{C5D10C3D-682C-4258-8AC7-9E915C6BA315}.Debug|Any CPU.ActiveCfg = Debug|Any CPU
		{C5D10C3D-682C-4258-8AC7-9E915C6BA315}.Debug|Any CPU.Build.0 = Debug|Any CPU
		{C5D10C3D-682C-4258-8AC7-9E915C6BA315}.Release|Any CPU.ActiveCfg = Release|Any CPU
		{C5D10C3D-682C-4258-8AC7-9E915C6BA315}.Release|Any CPU.Build.0 = Release|Any CPU
		{5636FCC9-50DA-4FAC-B758-DC237A2F5F0F}.Debug|Any CPU.ActiveCfg = Debug|Any CPU
		{5636FCC9-50DA-4FAC-B758-DC237A2F5F0F}.Debug|Any CPU.Build.0 = Debug|Any CPU
		{5636FCC9-50DA-4FAC-B758-DC237A2F5F0F}.Release|Any CPU.ActiveCfg = Release|Any CPU
		{5636FCC9-50DA-4FAC-B758-DC237A2F5F0F}.Release|Any CPU.Build.0 = Release|Any CPU
	EndGlobalSection
	GlobalSection(SolutionProperties) = preSolution
		HideSolutionNode = FALSE
	EndGlobalSection
	GlobalSection(ExtensibilityGlobals) = postSolution
		SolutionGuid = {893DDF1C-CADD-40EC-88C9-D6875C2AE09B}
	EndGlobalSection
EndGlobal
